
Microsoft Visual Studio Solution File, Format Version 12.00
# Visual Studio Version 17
VisualStudioVersion = 17.5.33530.505
MinimumVisualStudioVersion = 10.0.40219.1
Project("{FAE04EC0-301F-11D3-BF4B-00C04F79EFBC}") = "BedstedFinalProject", "BedstedFinalProject\BedstedFinalProject.csproj", "{F4CA6353-921D-4AFF-BA65-82B300F56B28}"
EndProject
Global
	GlobalSection(SolutionConfigurationPlatforms) = preSolution
		Debug|Any CPU = Debug|Any CPU
		Release|Any CPU = Release|Any CPU
	EndGlobalSection
	GlobalSection(ProjectConfigurationPlatforms) = postSolution
		{F4CA6353-921D-4AFF-BA65-82B300F56B28}.Debug|Any CPU.ActiveCfg = Debug|Any CPU
		{F4CA6353-921D-4AFF-BA65-82B300F56B28}.Debug|Any CPU.Build.0 = Debug|Any CPU
		{F4CA6353-921D-4AFF-BA65-82B300F56B28}.Release|Any CPU.ActiveCfg = Release|Any CPU
		{F4CA6353-921D-4AFF-BA65-82B300F56B28}.Release|Any CPU.Build.0 = Release|Any CPU
	EndGlobalSection
	GlobalSection(SolutionProperties) = preSolution
		HideSolutionNode = FALSE
	EndGlobalSection
	GlobalSection(ExtensibilityGlobals) = postSolution
		SolutionGuid = {CC64787C-E6DD-41AD-ABE2-F232E03108C8}
	EndGlobalSection
EndGlobal
